
Microsoft Visual Studio Solution File, Format Version 12.00
# Visual Studio 14
VisualStudioVersion = 14.0.25420.1
MinimumVisualStudioVersion = 10.0.40219.1
Project("{8BC9CEB8-8B4A-11D0-8D11-00A0C91BC942}") = "MLP_lib", "MLP_MVS.vcxproj", "{6BFA9D94-B136-4985-83A1-EE76FFF6F374}"
EndProject
Project("{8BC9CEB8-8B4A-11D0-8D11-00A0C91BC942}") = "NodeTest", "NodeTest\NodeTest.vcxproj", "{7CAD640F-63A0-4065-A86B-E65143A8329C}"
EndProject
Project("{8BC9CEB8-8B4A-11D0-8D11-00A0C91BC942}") = "MLPTest", "MLPTest\MLPTest.vcxproj", "{BCC41AEC-201D-4861-A756-2E10F95F76C5}"
EndProject
Project("{8BC9CEB8-8B4A-11D0-8D11-00A0C91BC942}") = "LayerTest", "LayerTest\LayerTest.vcxproj", "{10A8D77B-A596-4B06-87DA-B28492D77905}"
EndProject
Project("{8BC9CEB8-8B4A-11D0-8D11-00A0C91BC942}") = "IrisDatasetTest", "IrisDatasetTest\IrisDatasetTest.vcxproj", "{D58D3DD3-DF71-479D-A8EF-C52308C34C11}"
EndProject
Project("{2150E333-8FDC-42A3-9474-1A3956D46DE8}") = "Solution Items", "Solution Items", "{0D44BA4E-E6F3-41E0-811E-5D832620728E}"
	ProjectSection(SolutionItems) = preProject
		..\logo.png = ..\logo.png
		..\Makefile = ..\Makefile
		..\README.md = ..\README.md
	EndProjectSection
EndProject
Global
	GlobalSection(SolutionConfigurationPlatforms) = preSolution
		Debug|x64 = Debug|x64
		Debug|x86 = Debug|x86
		Release|x64 = Release|x64
		Release|x86 = Release|x86
	EndGlobalSection
	GlobalSection(ProjectConfigurationPlatforms) = postSolution
		{6BFA9D94-B136-4985-83A1-EE76FFF6F374}.Debug|x64.ActiveCfg = Debug|x64
		{6BFA9D94-B136-4985-83A1-EE76FFF6F374}.Debug|x64.Build.0 = Debug|x64
		{6BFA9D94-B136-4985-83A1-EE76FFF6F374}.Debug|x86.ActiveCfg = Debug|Win32
		{6BFA9D94-B136-4985-83A1-EE76FFF6F374}.Debug|x86.Build.0 = Debug|Win32
		{6BFA9D94-B136-4985-83A1-EE76FFF6F374}.Release|x64.ActiveCfg = Release|x64
		{6BFA9D94-B136-4985-83A1-EE76FFF6F374}.Release|x64.Build.0 = Release|x64
		{6BFA9D94-B136-4985-83A1-EE76FFF6F374}.Release|x86.ActiveCfg = Release|Win32
		{6BFA9D94-B136-4985-83A1-EE76FFF6F374}.Release|x86.Build.0 = Release|Win32
		{7CAD640F-63A0-4065-A86B-E65143A8329C}.Debug|x64.ActiveCfg = Debug|x64
		{7CAD640F-63A0-4065-A86B-E65143A8329C}.Debug|x64.Build.0 = Debug|x64
		{7CAD640F-63A0-4065-A86B-E65143A8329C}.Debug|x86.ActiveCfg = Debug|Win32
		{7CAD640F-63A0-4065-A86B-E65143A8329C}.Debug|x86.Build.0 = Debug|Win32
		{7CAD640F-63A0-4065-A86B-E65143A8329C}.Release|x64.ActiveCfg = Release|x64
		{7CAD640F-63A0-4065-A86B-E65143A8329C}.Release|x64.Build.0 = Release|x64
		{7CAD640F-63A0-4065-A86B-E65143A8329C}.Release|x86.ActiveCfg = Release|Win32
		{7CAD640F-63A0-4065-A86B-E65143A8329C}.Release|x86.Build.0 = Release|Win32
		{BCC41AEC-201D-4861-A756-2E10F95F76C5}.Debug|x64.ActiveCfg = Debug|x64
		{BCC41AEC-201D-4861-A756-2E10F95F76C5}.Debug|x64.Build.0 = Debug|x64
		{BCC41AEC-201D-4861-A756-2E10F95F76C5}.Debug|x86.ActiveCfg = Debug|Win32
		{BCC41AEC-201D-4861-A756-2E10F95F76C5}.Debug|x86.Build.0 = Debug|Win32
		{BCC41AEC-201D-4861-A756-2E10F95F76C5}.Release|x64.ActiveCfg = Release|x64
		{BCC41AEC-201D-4861-A756-2E10F95F76C5}.Release|x64.Build.0 = Release|x64
		{BCC41AEC-201D-4861-A756-2E10F95F76C5}.Release|x86.ActiveCfg = Release|Win32
		{BCC41AEC-201D-4861-A756-2E10F95F76C5}.Release|x86.Build.0 = Release|Win32
		{10A8D77B-A596-4B06-87DA-B28492D77905}.Debug|x64.ActiveCfg = Debug|x64
		{10A8D77B-A596-4B06-87DA-B28492D77905}.Debug|x64.Build.0 = Debug|x64
		{10A8D77B-A596-4B06-87DA-B28492D77905}.Debug|x86.ActiveCfg = Debug|Win32
		{10A8D77B-A596-4B06-87DA-B28492D77905}.Debug|x86.Build.0 = Debug|Win32
		{10A8D77B-A596-4B06-87DA-B28492D77905}.Release|x64.ActiveCfg = Release|x64
		{10A8D77B-A596-4B06-87DA-B28492D77905}.Release|x64.Build.0 = Release|x64
		{10A8D77B-A596-4B06-87DA-B28492D77905}.Release|x86.ActiveCfg = Release|Win32
		{10A8D77B-A596-4B06-87DA-B28492D77905}.Release|x86.Build.0 = Release|Win32
		{D58D3DD3-DF71-479D-A8EF-C52308C34C11}.Debug|x64.ActiveCfg = Debug|x64
		{D58D3DD3-DF71-479D-A8EF-C52308C34C11}.Debug|x64.Build.0 = Debug|x64
		{D58D3DD3-DF71-479D-A8EF-C52308C34C11}.Debug|x86.ActiveCfg = Debug|Win32
		{D58D3DD3-DF71-479D-A8EF-C52308C34C11}.Debug|x86.Build.0 = Debug|Win32
		{D58D3DD3-DF71-479D-A8EF-C52308C34C11}.Release|x64.ActiveCfg = Release|x64
		{D58D3DD3-DF71-479D-A8EF-C52308C34C11}.Release|x64.Build.0 = Release|x64
		{D58D3DD3-DF71-479D-A8EF-C52308C34C11}.Release|x86.ActiveCfg = Release|Win32
		{D58D3DD3-DF71-479D-A8EF-C52308C34C11}.Release|x86.Build.0 = Release|Win32
	EndGlobalSection
	GlobalSection(SolutionProperties) = preSolution
		HideSolutionNode = FALSE
	EndGlobalSection
EndGlobal
